
Microsoft Visual Studio Solution File, Format Version 12.00
# Visual Studio Version 17
VisualStudioVersion = 17.8.34330.188
MinimumVisualStudioVersion = 10.0.40219.1
Project("{FAE04EC0-301F-11D3-BF4B-00C04F79EFBC}") = "DirT", "DirT.csproj", "{7BDD913F-DAB4-4E2B-88BF-AFEEF3192274}"
EndProject
Global
	GlobalSection(SolutionConfigurationPlatforms) = preSolution
		Debug|Any CPU = Debug|Any CPU
		Release|Any CPU = Release|Any CPU
	EndGlobalSection
	GlobalSection(ProjectConfigurationPlatforms) = postSolution
		{7BDD913F-DAB4-4E2B-88BF-AFEEF3192274}.Debug|Any CPU.ActiveCfg = Debug|Any CPU
		{7BDD913F-DAB4-4E2B-88BF-AFEEF3192274}.Debug|Any CPU.Build.0 = Debug|Any CPU
		{7BDD913F-DAB4-4E2B-88BF-AFEEF3192274}.Release|Any CPU.ActiveCfg = Release|Any CPU
		{7BDD913F-DAB4-4E2B-88BF-AFEEF3192274}.Release|Any CPU.Build.0 = Release|Any CPU
	EndGlobalSection
	GlobalSection(SolutionProperties) = preSolution
		HideSolutionNode = FALSE
	EndGlobalSection
	GlobalSection(ExtensibilityGlobals) = postSolution
		SolutionGuid = {DA3EF999-F2D9-4F3F-ACEA-8571E5CEF73A}
	EndGlobalSection
EndGlobal
